
Microsoft Visual Studio Solution File, Format Version 12.00
# Visual Studio Version 17
VisualStudioVersion = 17.0.31903.59
MinimumVisualStudioVersion = 10.0.40219.1
Project("{FAE04EC0-301F-11D3-BF4B-00C04F79EFBC}") = "Aseguradora.Aplicacion", "Aseguradora.Aplicacion\Aseguradora.Aplicacion.csproj", "{C3E4B94A-537A-4ED6-B2BE-E063B9F7BE4D}"
EndProject
Project("{FAE04EC0-301F-11D3-BF4B-00C04F79EFBC}") = "Aseguradora.Repositorios", "Aseguradora.Repositorios\Aseguradora.Repositorios.csproj", "{443EDF63-A8B6-433F-AA2A-CA2309050977}"
EndProject
Project("{FAE04EC0-301F-11D3-BF4B-00C04F79EFBC}") = "Aseguradora.Consola", "Aseguradora.Consola\Aseguradora.Consola.csproj", "{77426FA1-7E3D-4EA1-BC7F-735595E96931}"
EndProject
Global
	GlobalSection(SolutionConfigurationPlatforms) = preSolution
		Debug|Any CPU = Debug|Any CPU
		Release|Any CPU = Release|Any CPU
	EndGlobalSection
	GlobalSection(SolutionProperties) = preSolution
		HideSolutionNode = FALSE
	EndGlobalSection
	GlobalSection(ProjectConfigurationPlatforms) = postSolution
		{C3E4B94A-537A-4ED6-B2BE-E063B9F7BE4D}.Debug|Any CPU.ActiveCfg = Debug|Any CPU
		{C3E4B94A-537A-4ED6-B2BE-E063B9F7BE4D}.Debug|Any CPU.Build.0 = Debug|Any CPU
		{C3E4B94A-537A-4ED6-B2BE-E063B9F7BE4D}.Release|Any CPU.ActiveCfg = Release|Any CPU
		{C3E4B94A-537A-4ED6-B2BE-E063B9F7BE4D}.Release|Any CPU.Build.0 = Release|Any CPU
		{443EDF63-A8B6-433F-AA2A-CA2309050977}.Debug|Any CPU.ActiveCfg = Debug|Any CPU
		{443EDF63-A8B6-433F-AA2A-CA2309050977}.Debug|Any CPU.Build.0 = Debug|Any CPU
		{443EDF63-A8B6-433F-AA2A-CA2309050977}.Release|Any CPU.ActiveCfg = Release|Any CPU
		{443EDF63-A8B6-433F-AA2A-CA2309050977}.Release|Any CPU.Build.0 = Release|Any CPU
		{77426FA1-7E3D-4EA1-BC7F-735595E96931}.Debug|Any CPU.ActiveCfg = Debug|Any CPU
		{77426FA1-7E3D-4EA1-BC7F-735595E96931}.Debug|Any CPU.Build.0 = Debug|Any CPU
		{77426FA1-7E3D-4EA1-BC7F-735595E96931}.Release|Any CPU.ActiveCfg = Release|Any CPU
		{77426FA1-7E3D-4EA1-BC7F-735595E96931}.Release|Any CPU.Build.0 = Release|Any CPU
	EndGlobalSection
EndGlobal
